
Microsoft Visual Studio Solution File, Format Version 12.00
# Visual Studio 15
VisualStudioVersion = 15.0.28307.1684
MinimumVisualStudioVersion = 10.0.40219.1
Project("{8BC9CEB8-8B4A-11D0-8D11-00A0C91BC942}") = "vezbe2zadatak2", "vezbe2zadatak2\vezbe2zadatak2.vcxproj", "{169C2901-2DC5-4390-A5C0-D2677D5C113D}"
EndProject
Global
	GlobalSection(SolutionConfigurationPlatforms) = preSolution
		Debug|x64 = Debug|x64
		Debug|x86 = Debug|x86
		Release|x64 = Release|x64
		Release|x86 = Release|x86
	EndGlobalSection
	GlobalSection(ProjectConfigurationPlatforms) = postSolution
		{169C2901-2DC5-4390-A5C0-D2677D5C113D}.Debug|x64.ActiveCfg = Debug|x64
		{169C2901-2DC5-4390-A5C0-D2677D5C113D}.Debug|x64.Build.0 = Debug|x64
		{169C2901-2DC5-4390-A5C0-D2677D5C113D}.Debug|x86.ActiveCfg = Debug|Win32
		{169C2901-2DC5-4390-A5C0-D2677D5C113D}.Debug|x86.Build.0 = Debug|Win32
		{169C2901-2DC5-4390-A5C0-D2677D5C113D}.Release|x64.ActiveCfg = Release|x64
		{169C2901-2DC5-4390-A5C0-D2677D5C113D}.Release|x64.Build.0 = Release|x64
		{169C2901-2DC5-4390-A5C0-D2677D5C113D}.Release|x86.ActiveCfg = Release|Win32
		{169C2901-2DC5-4390-A5C0-D2677D5C113D}.Release|x86.Build.0 = Release|Win32
	EndGlobalSection
	GlobalSection(SolutionProperties) = preSolution
		HideSolutionNode = FALSE
	EndGlobalSection
	GlobalSection(ExtensibilityGlobals) = postSolution
		SolutionGuid = {E82C592E-76D6-4E92-9958-CDC1AEF79AC1}
	EndGlobalSection
EndGlobal
