
Microsoft Visual Studio Solution File, Format Version 12.00
# Visual Studio 15
VisualStudioVersion = 15.0.28307.1684
MinimumVisualStudioVersion = 10.0.40219.1
Project("{8BC9CEB8-8B4A-11D0-8D11-00A0C91BC942}") = "strukturice", "strukturice\strukturice.vcxproj", "{CD791179-B1F6-4A76-9A85-DFACD38D13AD}"
EndProject
Global
	GlobalSection(SolutionConfigurationPlatforms) = preSolution
		Debug|x64 = Debug|x64
		Debug|x86 = Debug|x86
		Release|x64 = Release|x64
		Release|x86 = Release|x86
	EndGlobalSection
	GlobalSection(ProjectConfigurationPlatforms) = postSolution
		{CD791179-B1F6-4A76-9A85-DFACD38D13AD}.Debug|x64.ActiveCfg = Debug|x64
		{CD791179-B1F6-4A76-9A85-DFACD38D13AD}.Debug|x64.Build.0 = Debug|x64
		{CD791179-B1F6-4A76-9A85-DFACD38D13AD}.Debug|x86.ActiveCfg = Debug|Win32
		{CD791179-B1F6-4A76-9A85-DFACD38D13AD}.Debug|x86.Build.0 = Debug|Win32
		{CD791179-B1F6-4A76-9A85-DFACD38D13AD}.Release|x64.ActiveCfg = Release|x64
		{CD791179-B1F6-4A76-9A85-DFACD38D13AD}.Release|x64.Build.0 = Release|x64
		{CD791179-B1F6-4A76-9A85-DFACD38D13AD}.Release|x86.ActiveCfg = Release|Win32
		{CD791179-B1F6-4A76-9A85-DFACD38D13AD}.Release|x86.Build.0 = Release|Win32
	EndGlobalSection
	GlobalSection(SolutionProperties) = preSolution
		HideSolutionNode = FALSE
	EndGlobalSection
	GlobalSection(ExtensibilityGlobals) = postSolution
		SolutionGuid = {1523F993-D7F8-4D75-8791-60EF010D5467}
	EndGlobalSection
EndGlobal
