
Microsoft Visual Studio Solution File, Format Version 12.00
# Visual Studio 15
VisualStudioVersion = 15.0.28307.1684
MinimumVisualStudioVersion = 10.0.40219.1
Project("{8BC9CEB8-8B4A-11D0-8D11-00A0C91BC942}") = "Liste1", "Liste1\Liste1.vcxproj", "{7F39D072-1730-47C8-B868-D429934DB3CC}"
EndProject
Global
	GlobalSection(SolutionConfigurationPlatforms) = preSolution
		Debug|x64 = Debug|x64
		Debug|x86 = Debug|x86
		Release|x64 = Release|x64
		Release|x86 = Release|x86
	EndGlobalSection
	GlobalSection(ProjectConfigurationPlatforms) = postSolution
		{7F39D072-1730-47C8-B868-D429934DB3CC}.Debug|x64.ActiveCfg = Debug|x64
		{7F39D072-1730-47C8-B868-D429934DB3CC}.Debug|x64.Build.0 = Debug|x64
		{7F39D072-1730-47C8-B868-D429934DB3CC}.Debug|x86.ActiveCfg = Debug|Win32
		{7F39D072-1730-47C8-B868-D429934DB3CC}.Debug|x86.Build.0 = Debug|Win32
		{7F39D072-1730-47C8-B868-D429934DB3CC}.Release|x64.ActiveCfg = Release|x64
		{7F39D072-1730-47C8-B868-D429934DB3CC}.Release|x64.Build.0 = Release|x64
		{7F39D072-1730-47C8-B868-D429934DB3CC}.Release|x86.ActiveCfg = Release|Win32
		{7F39D072-1730-47C8-B868-D429934DB3CC}.Release|x86.Build.0 = Release|Win32
	EndGlobalSection
	GlobalSection(SolutionProperties) = preSolution
		HideSolutionNode = FALSE
	EndGlobalSection
	GlobalSection(ExtensibilityGlobals) = postSolution
		SolutionGuid = {EBB22B39-4D7D-45AF-AC7A-D9DD5B4D57BC}
	EndGlobalSection
EndGlobal
