
Microsoft Visual Studio Solution File, Format Version 12.00
# Visual Studio 15
VisualStudioVersion = 15.0.28307.1684
MinimumVisualStudioVersion = 10.0.40219.1
Project("{8BC9CEB8-8B4A-11D0-8D11-00A0C91BC942}") = "PripremeZaFIeIO", "PripremeZaFIeIO\PripremeZaFIeIO.vcxproj", "{58E69362-2D56-42B8-9BFF-BAA1CCE34178}"
EndProject
Global
	GlobalSection(SolutionConfigurationPlatforms) = preSolution
		Debug|x64 = Debug|x64
		Debug|x86 = Debug|x86
		Release|x64 = Release|x64
		Release|x86 = Release|x86
	EndGlobalSection
	GlobalSection(ProjectConfigurationPlatforms) = postSolution
		{58E69362-2D56-42B8-9BFF-BAA1CCE34178}.Debug|x64.ActiveCfg = Debug|x64
		{58E69362-2D56-42B8-9BFF-BAA1CCE34178}.Debug|x64.Build.0 = Debug|x64
		{58E69362-2D56-42B8-9BFF-BAA1CCE34178}.Debug|x86.ActiveCfg = Debug|Win32
		{58E69362-2D56-42B8-9BFF-BAA1CCE34178}.Debug|x86.Build.0 = Debug|Win32
		{58E69362-2D56-42B8-9BFF-BAA1CCE34178}.Release|x64.ActiveCfg = Release|x64
		{58E69362-2D56-42B8-9BFF-BAA1CCE34178}.Release|x64.Build.0 = Release|x64
		{58E69362-2D56-42B8-9BFF-BAA1CCE34178}.Release|x86.ActiveCfg = Release|Win32
		{58E69362-2D56-42B8-9BFF-BAA1CCE34178}.Release|x86.Build.0 = Release|Win32
	EndGlobalSection
	GlobalSection(SolutionProperties) = preSolution
		HideSolutionNode = FALSE
	EndGlobalSection
	GlobalSection(ExtensibilityGlobals) = postSolution
		SolutionGuid = {E68CCB90-4F22-435E-AE8C-E274E8CBBEE6}
	EndGlobalSection
EndGlobal
