
Microsoft Visual Studio Solution File, Format Version 12.00
# Visual Studio Version 17
VisualStudioVersion = 17.6.33829.357
MinimumVisualStudioVersion = 10.0.40219.1
Project("{FAE04EC0-301F-11D3-BF4B-00C04F79EFBC}") = "Vanja4", "Vanja4\Vanja4.csproj", "{FF7D2C47-C35B-48BB-BC3F-FA6A8D56FD57}"
EndProject
Global
	GlobalSection(SolutionConfigurationPlatforms) = preSolution
		Debug|Any CPU = Debug|Any CPU
		Release|Any CPU = Release|Any CPU
	EndGlobalSection
	GlobalSection(ProjectConfigurationPlatforms) = postSolution
		{FF7D2C47-C35B-48BB-BC3F-FA6A8D56FD57}.Debug|Any CPU.ActiveCfg = Debug|Any CPU
		{FF7D2C47-C35B-48BB-BC3F-FA6A8D56FD57}.Debug|Any CPU.Build.0 = Debug|Any CPU
		{FF7D2C47-C35B-48BB-BC3F-FA6A8D56FD57}.Release|Any CPU.ActiveCfg = Release|Any CPU
		{FF7D2C47-C35B-48BB-BC3F-FA6A8D56FD57}.Release|Any CPU.Build.0 = Release|Any CPU
	EndGlobalSection
	GlobalSection(SolutionProperties) = preSolution
		HideSolutionNode = FALSE
	EndGlobalSection
	GlobalSection(ExtensibilityGlobals) = postSolution
		SolutionGuid = {E4A155A7-E32C-48FA-972A-5AA6289F4151}
	EndGlobalSection
EndGlobal
