
Microsoft Visual Studio Solution File, Format Version 12.00
# Visual Studio 15
VisualStudioVersion = 15.0.28307.1684
MinimumVisualStudioVersion = 10.0.40219.1
Project("{8BC9CEB8-8B4A-11D0-8D11-00A0C91BC942}") = "Jul2018_1", "Jul2018_1\Jul2018_1.vcxproj", "{F8E01270-01DF-41AA-80DB-B5C8A34626CC}"
EndProject
Global
	GlobalSection(SolutionConfigurationPlatforms) = preSolution
		Debug|x64 = Debug|x64
		Debug|x86 = Debug|x86
		Release|x64 = Release|x64
		Release|x86 = Release|x86
	EndGlobalSection
	GlobalSection(ProjectConfigurationPlatforms) = postSolution
		{F8E01270-01DF-41AA-80DB-B5C8A34626CC}.Debug|x64.ActiveCfg = Debug|x64
		{F8E01270-01DF-41AA-80DB-B5C8A34626CC}.Debug|x64.Build.0 = Debug|x64
		{F8E01270-01DF-41AA-80DB-B5C8A34626CC}.Debug|x86.ActiveCfg = Debug|Win32
		{F8E01270-01DF-41AA-80DB-B5C8A34626CC}.Debug|x86.Build.0 = Debug|Win32
		{F8E01270-01DF-41AA-80DB-B5C8A34626CC}.Release|x64.ActiveCfg = Release|x64
		{F8E01270-01DF-41AA-80DB-B5C8A34626CC}.Release|x64.Build.0 = Release|x64
		{F8E01270-01DF-41AA-80DB-B5C8A34626CC}.Release|x86.ActiveCfg = Release|Win32
		{F8E01270-01DF-41AA-80DB-B5C8A34626CC}.Release|x86.Build.0 = Release|Win32
	EndGlobalSection
	GlobalSection(SolutionProperties) = preSolution
		HideSolutionNode = FALSE
	EndGlobalSection
	GlobalSection(ExtensibilityGlobals) = postSolution
		SolutionGuid = {525BF30B-ADEF-4C8A-B250-6EA1D98415EF}
	EndGlobalSection
EndGlobal
