
Microsoft Visual Studio Solution File, Format Version 12.00
# Visual Studio Version 17
VisualStudioVersion = 17.6.33829.357
MinimumVisualStudioVersion = 10.0.40219.1
Project("{FAE04EC0-301F-11D3-BF4B-00C04F79EFBC}") = "ProgramskiVanja1", "ProgramskiVanja1\ProgramskiVanja1.csproj", "{C6A37D46-A5AD-457E-8606-9A736F319CAB}"
EndProject
Global
	GlobalSection(SolutionConfigurationPlatforms) = preSolution
		Debug|Any CPU = Debug|Any CPU
		Release|Any CPU = Release|Any CPU
	EndGlobalSection
	GlobalSection(ProjectConfigurationPlatforms) = postSolution
		{C6A37D46-A5AD-457E-8606-9A736F319CAB}.Debug|Any CPU.ActiveCfg = Debug|Any CPU
		{C6A37D46-A5AD-457E-8606-9A736F319CAB}.Debug|Any CPU.Build.0 = Debug|Any CPU
		{C6A37D46-A5AD-457E-8606-9A736F319CAB}.Release|Any CPU.ActiveCfg = Release|Any CPU
		{C6A37D46-A5AD-457E-8606-9A736F319CAB}.Release|Any CPU.Build.0 = Release|Any CPU
	EndGlobalSection
	GlobalSection(SolutionProperties) = preSolution
		HideSolutionNode = FALSE
	EndGlobalSection
	GlobalSection(ExtensibilityGlobals) = postSolution
		SolutionGuid = {3B932087-DA5C-4410-B3C4-4D2111612983}
	EndGlobalSection
EndGlobal
